
Microsoft Visual Studio Solution File, Format Version 12.00
# Visual Studio Version 16
VisualStudioVersion = 16.0.30611.23
MinimumVisualStudioVersion = 10.0.40219.1
Project("{FAE04EC0-301F-11D3-BF4B-00C04F79EFBC}") = "webScrapingGames", "webScrapingGames\webScrapingGames.csproj", "{DD6DEB38-462F-4AC9-95D8-E52CA7F947FA}"
EndProject
Global
	GlobalSection(SolutionConfigurationPlatforms) = preSolution
		Debug|Any CPU = Debug|Any CPU
		Release|Any CPU = Release|Any CPU
	EndGlobalSection
	GlobalSection(ProjectConfigurationPlatforms) = postSolution
		{DD6DEB38-462F-4AC9-95D8-E52CA7F947FA}.Debug|Any CPU.ActiveCfg = Debug|Any CPU
		{DD6DEB38-462F-4AC9-95D8-E52CA7F947FA}.Debug|Any CPU.Build.0 = Debug|Any CPU
		{DD6DEB38-462F-4AC9-95D8-E52CA7F947FA}.Release|Any CPU.ActiveCfg = Release|Any CPU
		{DD6DEB38-462F-4AC9-95D8-E52CA7F947FA}.Release|Any CPU.Build.0 = Release|Any CPU
	EndGlobalSection
	GlobalSection(SolutionProperties) = preSolution
		HideSolutionNode = FALSE
	EndGlobalSection
	GlobalSection(ExtensibilityGlobals) = postSolution
		SolutionGuid = {99EDDF99-0817-4FA8-878A-9431CD9E6DBE}
	EndGlobalSection
EndGlobal
